
Microsoft Visual Studio Solution File, Format Version 12.00
# Visual Studio 14
VisualStudioVersion = 14.0.24720.0
MinimumVisualStudioVersion = 10.0.40219.1
Project("{FAE04EC0-301F-11D3-BF4B-00C04F79EFBC}") = "HGV.Perserverance", "src\HGV.Perserverance.csproj", "{6AAA0028-BF90-4B9A-A060-0097DC796804}"
EndProject
Project("{FAE04EC0-301F-11D3-BF4B-00C04F79EFBC}") = "HGV.Perserverance.Tests", "tests\HGV.Perserverance.Tests.csproj", "{E0C245B2-8169-4773-B834-CA93063EF2AF}"
EndProject
Global
	GlobalSection(SolutionConfigurationPlatforms) = preSolution
		Debug|Any CPU = Debug|Any CPU
		Release|Any CPU = Release|Any CPU
	EndGlobalSection
	GlobalSection(ProjectConfigurationPlatforms) = postSolution
		{6AAA0028-BF90-4B9A-A060-0097DC796804}.Debug|Any CPU.ActiveCfg = Debug|Any CPU
		{6AAA0028-BF90-4B9A-A060-0097DC796804}.Debug|Any CPU.Build.0 = Debug|Any CPU
		{6AAA0028-BF90-4B9A-A060-0097DC796804}.Release|Any CPU.ActiveCfg = Release|Any CPU
		{6AAA0028-BF90-4B9A-A060-0097DC796804}.Release|Any CPU.Build.0 = Release|Any CPU
		{E0C245B2-8169-4773-B834-CA93063EF2AF}.Debug|Any CPU.ActiveCfg = Debug|Any CPU
		{E0C245B2-8169-4773-B834-CA93063EF2AF}.Debug|Any CPU.Build.0 = Debug|Any CPU
		{E0C245B2-8169-4773-B834-CA93063EF2AF}.Release|Any CPU.ActiveCfg = Release|Any CPU
		{E0C245B2-8169-4773-B834-CA93063EF2AF}.Release|Any CPU.Build.0 = Release|Any CPU
	EndGlobalSection
	GlobalSection(SolutionProperties) = preSolution
		HideSolutionNode = FALSE
	EndGlobalSection
	GlobalSection(CodealikeProperties) = postSolution
		SolutionGuid = 45e52312-1edc-436e-a564-38080ed12137
	EndGlobalSection
EndGlobal
